
Microsoft Visual Studio Solution File, Format Version 11.00
# Visual Studio 2010
# SharpDevelop 5.1
Project("{FAE04EC0-301F-11D3-BF4B-00C04F79EFBC}") = "OlaMundo", "OlaMundo\OlaMundo.csproj", "{B59C399A-1F0C-44D0-B2C9-C09BB7D5742C}"
EndProject
Global
	GlobalSection(SolutionConfigurationPlatforms) = preSolution
		Debug|Any CPU = Debug|Any CPU
		Release|Any CPU = Release|Any CPU
	EndGlobalSection
	GlobalSection(ProjectConfigurationPlatforms) = postSolution
		{B59C399A-1F0C-44D0-B2C9-C09BB7D5742C}.Debug|Any CPU.ActiveCfg = Debug|Any CPU
		{B59C399A-1F0C-44D0-B2C9-C09BB7D5742C}.Debug|Any CPU.Build.0 = Debug|Any CPU
		{B59C399A-1F0C-44D0-B2C9-C09BB7D5742C}.Release|Any CPU.ActiveCfg = Release|Any CPU
		{B59C399A-1F0C-44D0-B2C9-C09BB7D5742C}.Release|Any CPU.Build.0 = Release|Any CPU
	EndGlobalSection
EndGlobal
